<?xml version="1.0" encoding="utf-8"?>
<Project ToolsVersion="4.0" xmlns="http://schemas.microsoft.com/developer/msbuild/2003">
  <ItemGroup>
    <ClCompile Include="main.cpp" />
    <ClCompile Include="Camera.cpp" />
    <ClCompile Include="MeshNode.cpp" />
    <ClCompile Include="PerformanceMonitorNode.cpp" />
    <ClCompile Include="PositionableCamera.cpp" />
    <ClCompile Include="Renderer.cpp" />
    <ClCompile Include="SceneNode.cpp" />
    <ClCompile Include="Shader.cpp" />
    <ClCompile Include="ShaderNode.cpp" />
    <ClCompile Include="ShaderProgram.cpp" />
    <ClCompile Include="Light.cpp" />
    <ClCompile Include="ProjectionNode.cpp" />
  </ItemGroup>
  <ItemGroup>
    <ClInclude Include="Camera.h" />
    <ClInclude Include="MeshNode.h" />
    <ClInclude Include="PerformanceMonitorNode.h" />
    <ClInclude Include="PositionableCamera.h" />
    <ClInclude Include="Renderer.h" />
    <ClInclude Include="SceneNode.h" />
    <ClInclude Include="Shader.h" />
    <ClInclude Include="ShaderNode.h" />
    <ClInclude Include="ShaderProgram.h" />
    <ClInclude Include="Shaders.h" />
    <ClInclude Include="Light.h" />
    <ClInclude Include="RenderState.h" />
    <ClInclude Include="ProjectionNode.h" />
  </ItemGroup>
</Project>